// !$*UTF8*$!
{
	archiveVersion = 1;
	classes = {
	};
	objectVersion = 50;
	objects = {

/* Begin PBXBuildFile section */
		FB21169720DC7F990067ED9F /* AppDelegate.swift in Sources */ = {isa = PBXBuildFile; fileRef = FB21169620DC7F990067ED9F /* AppDelegate.swift */; };
		FB21169C20DC7F990067ED9F /* Main.storyboard in Resources */ = {isa = PBXBuildFile; fileRef = FB21169A20DC7F990067ED9F /* Main.storyboard */; };
		FB21169E20DC7F9A0067ED9F /* Assets.xcassets in Resources */ = {isa = PBXBuildFile; fileRef = FB21169D20DC7F9A0067ED9F /* Assets.xcassets */; };
		FB2116A120DC7F9A0067ED9F /* LaunchScreen.storyboard in Resources */ = {isa = PBXBuildFile; fileRef = FB21169F20DC7F9A0067ED9F /* LaunchScreen.storyboard */; };
		FB2116B620DC828E0067ED9F /* NotesViewControllerTests.swift in Sources */ = {isa = PBXBuildFile; fileRef = FB2116B520DC828E0067ED9F /* NotesViewControllerTests.swift */; };
		FB2116BE20DC843C0067ED9F /* NotesViewController.swift in Sources */ = {isa = PBXBuildFile; fileRef = FB2116BD20DC843C0067ED9F /* NotesViewController.swift */; };
		FB2116C120DC89A90067ED9F /* UINoteCell.swift in Sources */ = {isa = PBXBuildFile; fileRef = FB2116C020DC89A90067ED9F /* UINoteCell.swift */; };
		FB2116C520DC96D50067ED9F /* BoardViewControllerTests.swift in Sources */ = {isa = PBXBuildFile; fileRef = FB2116C420DC96D50067ED9F /* BoardViewControllerTests.swift */; };
		FB2116C720DC973A0067ED9F /* BoardViewController.swift in Sources */ = {isa = PBXBuildFile; fileRef = FB2116C620DC973A0067ED9F /* BoardViewController.swift */; };
		FB2116C920DC99820067ED9F /* Note.swift in Sources */ = {isa = PBXBuildFile; fileRef = FB2116C820DC99820067ED9F /* Note.swift */; };
		FB2116CC20DC99EC0067ED9F /* NoteTests.swift in Sources */ = {isa = PBXBuildFile; fileRef = FB2116CB20DC99EC0067ED9F /* NoteTests.swift */; };
		FB34AD8320DF7564007F8561 /* NoteManager.swift in Sources */ = {isa = PBXBuildFile; fileRef = FB34AD8220DF7564007F8561 /* NoteManager.swift */; };
		FB34AD8520DF757F007F8561 /* NoteManagerTests.swift in Sources */ = {isa = PBXBuildFile; fileRef = FB34AD8420DF757F007F8561 /* NoteManagerTests.swift */; };
		FBFF830120E1AF1D00FC2141 /* Extensions.swift in Sources */ = {isa = PBXBuildFile; fileRef = FBFF830020E1AF1C00FC2141 /* Extensions.swift */; };
/* End PBXBuildFile section */

/* Begin PBXContainerItemProxy section */
		FB2116B820DC828E0067ED9F /* PBXContainerItemProxy */ = {
			isa = PBXContainerItemProxy;
			containerPortal = FB21168B20DC7F990067ED9F /* Project object */;
			proxyType = 1;
			remoteGlobalIDString = FB21169220DC7F990067ED9F;
			remoteInfo = NoteBoard;
		};
/* End PBXContainerItemProxy section */

/* Begin PBXFileReference section */
		FB21169320DC7F990067ED9F /* NoteBoard.app */ = {isa = PBXFileReference; explicitFileType = wrapper.application; includeInIndex = 0; path = NoteBoard.app; sourceTree = BUILT_PRODUCTS_DIR; };
		FB21169620DC7F990067ED9F /* AppDelegate.swift */ = {isa = PBXFileReference; lastKnownFileType = sourcecode.swift; path = AppDelegate.swift; sourceTree = "<group>"; };
		FB21169B20DC7F990067ED9F /* Base */ = {isa = PBXFileReference; lastKnownFileType = file.storyboard; name = Base; path = Base.lproj/Main.storyboard; sourceTree = "<group>"; };
		FB21169D20DC7F9A0067ED9F /* Assets.xcassets */ = {isa = PBXFileReference; lastKnownFileType = folder.assetcatalog; path = Assets.xcassets; sourceTree = "<group>"; };
		FB2116A020DC7F9A0067ED9F /* Base */ = {isa = PBXFileReference; lastKnownFileType = file.storyboard; name = Base; path = Base.lproj/LaunchScreen.storyboard; sourceTree = "<group>"; };
		FB2116A220DC7F9A0067ED9F /* Info.plist */ = {isa = PBXFileReference; lastKnownFileType = text.plist.xml; path = Info.plist; sourceTree = "<group>"; };
		FB2116B320DC828E0067ED9F /* NoteBoardTests.xctest */ = {isa = PBXFileReference; explicitFileType = wrapper.cfbundle; includeInIndex = 0; path = NoteBoardTests.xctest; sourceTree = BUILT_PRODUCTS_DIR; };
		FB2116B520DC828E0067ED9F /* NotesViewControllerTests.swift */ = {isa = PBXFileReference; lastKnownFileType = sourcecode.swift; path = NotesViewControllerTests.swift; sourceTree = "<group>"; };
		FB2116B720DC828E0067ED9F /* Info.plist */ = {isa = PBXFileReference; lastKnownFileType = text.plist.xml; path = Info.plist; sourceTree = "<group>"; };
		FB2116BD20DC843C0067ED9F /* NotesViewController.swift */ = {isa = PBXFileReference; lastKnownFileType = sourcecode.swift; path = NotesViewController.swift; sourceTree = "<group>"; };
		FB2116C020DC89A90067ED9F /* UINoteCell.swift */ = {isa = PBXFileReference; lastKnownFileType = sourcecode.swift; path = UINoteCell.swift; sourceTree = "<group>"; };
		FB2116C420DC96D50067ED9F /* BoardViewControllerTests.swift */ = {isa = PBXFileReference; lastKnownFileType = sourcecode.swift; path = BoardViewControllerTests.swift; sourceTree = "<group>"; };
		FB2116C620DC973A0067ED9F /* BoardViewController.swift */ = {isa = PBXFileReference; lastKnownFileType = sourcecode.swift; path = BoardViewController.swift; sourceTree = "<group>"; };
		FB2116C820DC99820067ED9F /* Note.swift */ = {isa = PBXFileReference; lastKnownFileType = sourcecode.swift; path = Note.swift; sourceTree = "<group>"; };
		FB2116CB20DC99EC0067ED9F /* NoteTests.swift */ = {isa = PBXFileReference; lastKnownFileType = sourcecode.swift; path = NoteTests.swift; sourceTree = "<group>"; };
		FB34AD8220DF7564007F8561 /* NoteManager.swift */ = {isa = PBXFileReference; lastKnownFileType = sourcecode.swift; path = NoteManager.swift; sourceTree = "<group>"; };
		FB34AD8420DF757F007F8561 /* NoteManagerTests.swift */ = {isa = PBXFileReference; lastKnownFileType = sourcecode.swift; path = NoteManagerTests.swift; sourceTree = "<group>"; };
		FBFF830020E1AF1C00FC2141 /* Extensions.swift */ = {isa = PBXFileReference; lastKnownFileType = sourcecode.swift; path = Extensions.swift; sourceTree = "<group>"; };
/* End PBXFileReference section */

/* Begin PBXFrameworksBuildPhase section */
		FB21169020DC7F990067ED9F /* Frameworks */ = {
			isa = PBXFrameworksBuildPhase;
			buildActionMask = 2147483647;
			files = (
			);
			runOnlyForDeploymentPostprocessing = 0;
		};
		FB2116B020DC828E0067ED9F /* Frameworks */ = {
			isa = PBXFrameworksBuildPhase;
			buildActionMask = 2147483647;
			files = (
			);
			runOnlyForDeploymentPostprocessing = 0;
		};
/* End PBXFrameworksBuildPhase section */

/* Begin PBXGroup section */
		FB21168A20DC7F990067ED9F = {
			isa = PBXGroup;
			children = (
				FB21169520DC7F990067ED9F /* NoteBoard */,
				FB2116B420DC828E0067ED9F /* NoteBoardTests */,
				FB21169420DC7F990067ED9F /* Products */,
			);
			sourceTree = "<group>";
		};
		FB21169420DC7F990067ED9F /* Products */ = {
			isa = PBXGroup;
			children = (
				FB21169320DC7F990067ED9F /* NoteBoard.app */,
				FB2116B320DC828E0067ED9F /* NoteBoardTests.xctest */,
			);
			name = Products;
			sourceTree = "<group>";
		};
		FB21169520DC7F990067ED9F /* NoteBoard */ = {
			isa = PBXGroup;
			children = (
				FB2116CA20DC99A20067ED9F /* Models */,
				FB2116C220DC89AD0067ED9F /* Views */,
				FB2116BF20DC87CB0067ED9F /* Controllers */,
				FB21169620DC7F990067ED9F /* AppDelegate.swift */,
				FB21169A20DC7F990067ED9F /* Main.storyboard */,
				FB21169D20DC7F9A0067ED9F /* Assets.xcassets */,
				FB21169F20DC7F9A0067ED9F /* LaunchScreen.storyboard */,
				FB2116A220DC7F9A0067ED9F /* Info.plist */,
			);
			path = NoteBoard;
			sourceTree = "<group>";
		};
		FB2116B420DC828E0067ED9F /* NoteBoardTests */ = {
			isa = PBXGroup;
			children = (
				FB2116CD20DC99F00067ED9F /* Models */,
				FB2116C320DC96BA0067ED9F /* Controllers */,
				FB2116B720DC828E0067ED9F /* Info.plist */,
			);
			path = NoteBoardTests;
			sourceTree = "<group>";
		};
		FB2116BF20DC87CB0067ED9F /* Controllers */ = {
			isa = PBXGroup;
			children = (
				FB2116C620DC973A0067ED9F /* BoardViewController.swift */,
				FB2116BD20DC843C0067ED9F /* NotesViewController.swift */,
			);
			path = Controllers;
			sourceTree = "<group>";
		};
		FB2116C220DC89AD0067ED9F /* Views */ = {
			isa = PBXGroup;
			children = (
				FB2116C020DC89A90067ED9F /* UINoteCell.swift */,
			);
			path = Views;
			sourceTree = "<group>";
		};
		FB2116C320DC96BA0067ED9F /* Controllers */ = {
			isa = PBXGroup;
			children = (
				FB2116B520DC828E0067ED9F /* NotesViewControllerTests.swift */,
				FB2116C420DC96D50067ED9F /* BoardViewControllerTests.swift */,
			);
			path = Controllers;
			sourceTree = "<group>";
		};
		FB2116CA20DC99A20067ED9F /* Models */ = {
			isa = PBXGroup;
			children = (
				FB34AD8220DF7564007F8561 /* NoteManager.swift */,
				FB2116C820DC99820067ED9F /* Note.swift */,
				FBFF830020E1AF1C00FC2141 /* Extensions.swift */,
			);
			path = Models;
			sourceTree = "<group>";
		};
		FB2116CD20DC99F00067ED9F /* Models */ = {
			isa = PBXGroup;
			children = (
				FB2116CB20DC99EC0067ED9F /* NoteTests.swift */,
				FB34AD8420DF757F007F8561 /* NoteManagerTests.swift */,
			);
			path = Models;
			sourceTree = "<group>";
		};
/* End PBXGroup section */

/* Begin PBXNativeTarget section */
		FB21169220DC7F990067ED9F /* NoteBoard */ = {
			isa = PBXNativeTarget;
			buildConfigurationList = FB2116A520DC7F9A0067ED9F /* Build configuration list for PBXNativeTarget "NoteBoard" */;
			buildPhases = (
				FB21168F20DC7F990067ED9F /* Sources */,
				FB21169020DC7F990067ED9F /* Frameworks */,
				FB21169120DC7F990067ED9F /* Resources */,
			);
			buildRules = (
			);
			dependencies = (
			);
			name = NoteBoard;
			productName = NoteBoard;
			productReference = FB21169320DC7F990067ED9F /* NoteBoard.app */;
			productType = "com.apple.product-type.application";
		};
		FB2116B220DC828E0067ED9F /* NoteBoardTests */ = {
			isa = PBXNativeTarget;
			buildConfigurationList = FB2116BA20DC828E0067ED9F /* Build configuration list for PBXNativeTarget "NoteBoardTests" */;
			buildPhases = (
				FB2116AF20DC828E0067ED9F /* Sources */,
				FB2116B020DC828E0067ED9F /* Frameworks */,
				FB2116B120DC828E0067ED9F /* Resources */,
			);
			buildRules = (
			);
			dependencies = (
				FB2116B920DC828E0067ED9F /* PBXTargetDependency */,
			);
			name = NoteBoardTests;
			productName = NoteBoardTests;
			productReference = FB2116B320DC828E0067ED9F /* NoteBoardTests.xctest */;
			productType = "com.apple.product-type.bundle.unit-test";
		};
/* End PBXNativeTarget section */

/* Begin PBXProject section */
		FB21168B20DC7F990067ED9F /* Project object */ = {
			isa = PBXProject;
			attributes = {
				LastSwiftUpdateCheck = 0940;
				LastUpgradeCheck = 0940;
				ORGANIZATIONNAME = "Marcello Mirsal";
				TargetAttributes = {
					FB21169220DC7F990067ED9F = {
						CreatedOnToolsVersion = 9.4.1;
					};
					FB2116B220DC828E0067ED9F = {
						CreatedOnToolsVersion = 9.4.1;
						TestTargetID = FB21169220DC7F990067ED9F;
					};
				};
			};
			buildConfigurationList = FB21168E20DC7F990067ED9F /* Build configuration list for PBXProject "NoteBoard" */;
			compatibilityVersion = "Xcode 9.3";
			developmentRegion = en;
			hasScannedForEncodings = 0;
			knownRegions = (
				en,
				Base,
			);
			mainGroup = FB21168A20DC7F990067ED9F;
			productRefGroup = FB21169420DC7F990067ED9F /* Products */;
			projectDirPath = "";
			projectRoot = "";
			targets = (
				FB21169220DC7F990067ED9F /* NoteBoard */,
				FB2116B220DC828E0067ED9F /* NoteBoardTests */,
			);
		};
/* End PBXProject section */

/* Begin PBXResourcesBuildPhase section */
		FB21169120DC7F990067ED9F /* Resources */ = {
			isa = PBXResourcesBuildPhase;
			buildActionMask = 2147483647;
			files = (
				FB2116A120DC7F9A0067ED9F /* LaunchScreen.storyboard in Resources */,
				FB21169E20DC7F9A0067ED9F /* Assets.xcassets in Resources */,
				FB21169C20DC7F990067ED9F /* Main.storyboard in Resources */,
			);
			runOnlyForDeploymentPostprocessing = 0;
		};
		FB2116B120DC828E0067ED9F /* Resources */ = {
			isa = PBXResourcesBuildPhase;
			buildActionMask = 2147483647;
			files = (
			);
			runOnlyForDeploymentPostprocessing = 0;
		};
/* End PBXResourcesBuildPhase section */

/* Begin PBXSourcesBuildPhase section */
		FB21168F20DC7F990067ED9F /* Sources */ = {
			isa = PBXSourcesBuildPhase;
			buildActionMask = 2147483647;
			files = (
				FB2116C920DC99820067ED9F /* Note.swift in Sources */,
				FB2116C120DC89A90067ED9F /* UINoteCell.swift in Sources */,
				FB2116BE20DC843C0067ED9F /* NotesViewController.swift in Sources */,
				FB34AD8320DF7564007F8561 /* NoteManager.swift in Sources */,
				FB21169720DC7F990067ED9F /* AppDelegate.swift in Sources */,
				FB2116C720DC973A0067ED9F /* BoardViewController.swift in Sources */,
				FBFF830120E1AF1D00FC2141 /* Extensions.swift in Sources */,
			);
			runOnlyForDeploymentPostprocessing = 0;
		};
		FB2116AF20DC828E0067ED9F /* Sources */ = {
			isa = PBXSourcesBuildPhase;
			buildActionMask = 2147483647;
			files = (
				FB2116CC20DC99EC0067ED9F /* NoteTests.swift in Sources */,
				FB34AD8520DF757F007F8561 /* NoteManagerTests.swift in Sources */,
				FB2116B620DC828E0067ED9F /* NotesViewControllerTests.swift in Sources */,
				FB2116C520DC96D50067ED9F /* BoardViewControllerTests.swift in Sources */,
			);
			runOnlyForDeploymentPostprocessing = 0;
		};
/* End PBXSourcesBuildPhase section */

/* Begin PBXTargetDependency section */
		FB2116B920DC828E0067ED9F /* PBXTargetDependency */ = {
			isa = PBXTargetDependency;
			target = FB21169220DC7F990067ED9F /* NoteBoard */;
			targetProxy = FB2116B820DC828E0067ED9F /* PBXContainerItemProxy */;
		};
/* End PBXTargetDependency section */

/* Begin PBXVariantGroup section */
		FB21169A20DC7F990067ED9F /* Main.storyboard */ = {
			isa = PBXVariantGroup;
			children = (
				FB21169B20DC7F990067ED9F /* Base */,
			);
			name = Main.storyboard;
			sourceTree = "<group>";
		};
		FB21169F20DC7F9A0067ED9F /* LaunchScreen.storyboard */ = {
			isa = PBXVariantGroup;
			children = (
				FB2116A020DC7F9A0067ED9F /* Base */,
			);
			name = LaunchScreen.storyboard;
			sourceTree = "<group>";
		};
/* End PBXVariantGroup section */

/* Begin XCBuildConfiguration section */
		FB2116A320DC7F9A0067ED9F /* Debug */ = {
			isa = XCBuildConfiguration;
			buildSettings = {
				ALWAYS_SEARCH_USER_PATHS = NO;
				CLANG_ANALYZER_NONNULL = YES;
				CLANG_ANALYZER_NUMBER_OBJECT_CONVERSION = YES_AGGRESSIVE;
				CLANG_CXX_LANGUAGE_STANDARD = "gnu++14";
				CLANG_CXX_LIBRARY = "libc++";
				CLANG_ENABLE_MODULES = YES;
				CLANG_ENABLE_OBJC_ARC = YES;
				CLANG_ENABLE_OBJC_WEAK = YES;
				CLANG_WARN_BLOCK_CAPTURE_AUTORELEASING = YES;
				CLANG_WARN_BOOL_CONVERSION = YES;
				CLANG_WARN_COMMA = YES;
				CLANG_WARN_CONSTANT_CONVERSION = YES;
				CLANG_WARN_DEPRECATED_OBJC_IMPLEMENTATIONS = YES;
				CLANG_WARN_DIRECT_OBJC_ISA_USAGE = YES_ERROR;
				CLANG_WARN_DOCUMENTATION_COMMENTS = YES;
				CLANG_WARN_EMPTY_BODY = YES;
				CLANG_WARN_ENUM_CONVERSION = YES;
				CLANG_WARN_INFINITE_RECURSION = YES;
				CLANG_WARN_INT_CONVERSION = YES;
				CLANG_WARN_NON_LITERAL_NULL_CONVERSION = YES;
				CLANG_WARN_OBJC_IMPLICIT_RETAIN_SELF = YES;
				CLANG_WARN_OBJC_LITERAL_CONVERSION = YES;
				CLANG_WARN_OBJC_ROOT_CLASS = YES_ERROR;
				CLANG_WARN_RANGE_LOOP_ANALYSIS = YES;
				CLANG_WARN_STRICT_PROTOTYPES = YES;
				CLANG_WARN_SUSPICIOUS_MOVE = YES;
				CLANG_WARN_UNGUARDED_AVAILABILITY = YES_AGGRESSIVE;
				CLANG_WARN_UNREACHABLE_CODE = YES;
				CLANG_WARN__DUPLICATE_METHOD_MATCH = YES;
				CODE_SIGN_IDENTITY = "iPhone Developer";
				COPY_PHASE_STRIP = NO;
				DEBUG_INFORMATION_FORMAT = dwarf;
				ENABLE_STRICT_OBJC_MSGSEND = YES;
				ENABLE_TESTABILITY = YES;
				GCC_C_LANGUAGE_STANDARD = gnu11;
				GCC_DYNAMIC_NO_PIC = NO;
				GCC_NO_COMMON_BLOCKS = YES;
				GCC_OPTIMIZATION_LEVEL = 0;
				GCC_PREPROCESSOR_DEFINITIONS = (
					"DEBUG=1",
					"$(inherited)",
				);
				GCC_WARN_64_TO_32_BIT_CONVERSION = YES;
				GCC_WARN_ABOUT_RETURN_TYPE = YES_ERROR;
				GCC_WARN_UNDECLARED_SELECTOR = YES;
				GCC_WARN_UNINITIALIZED_AUTOS = YES_AGGRESSIVE;
				GCC_WARN_UNUSED_FUNCTION = YES;
				GCC_WARN_UNUSED_VARIABLE = YES;
				IPHONEOS_DEPLOYMENT_TARGET = 11.4;
				MTL_ENABLE_DEBUG_INFO = YES;
				ONLY_ACTIVE_ARCH = YES;
				SDKROOT = iphoneos;
				SWIFT_ACTIVE_COMPILATION_CONDITIONS = DEBUG;
				SWIFT_OPTIMIZATION_LEVEL = "-Onone";
			};
			name = Debug;
		};
		FB2116A420DC7F9A0067ED9F /* Release */ = {
			isa = XCBuildConfiguration;
			buildSettings = {
				ALWAYS_SEARCH_USER_PATHS = NO;
				CLANG_ANALYZER_NONNULL = YES;
				CLANG_ANALYZER_NUMBER_OBJECT_CONVERSION = YES_AGGRESSIVE;
				CLANG_CXX_LANGUAGE_STANDARD = "gnu++14";
				CLANG_CXX_LIBRARY = "libc++";
				CLANG_ENABLE_MODULES = YES;
				CLANG_ENABLE_OBJC_ARC = YES;
				CLANG_ENABLE_OBJC_WEAK = YES;
				CLANG_WARN_BLOCK_CAPTURE_AUTORELEASING = YES;
				CLANG_WARN_BOOL_CONVERSION = YES;
				CLANG_WARN_COMMA = YES;
				CLANG_WARN_CONSTANT_CONVERSION = YES;
				CLANG_WARN_DEPRECATED_OBJC_IMPLEMENTATIONS = YES;
				CLANG_WARN_DIRECT_OBJC_ISA_USAGE = YES_ERROR;
				CLANG_WARN_DOCUMENTATION_COMMENTS = YES;
				CLANG_WARN_EMPTY_BODY = YES;
				CLANG_WARN_ENUM_CONVERSION = YES;
				CLANG_WARN_INFINITE_RECURSION = YES;
				CLANG_WARN_INT_CONVERSION = YES;
				CLANG_WARN_NON_LITERAL_NULL_CONVERSION = YES;
				CLANG_WARN_OBJC_IMPLICIT_RETAIN_SELF = YES;
				CLANG_WARN_OBJC_LITERAL_CONVERSION = YES;
				CLANG_WARN_OBJC_ROOT_CLASS = YES_ERROR;
				CLANG_WARN_RANGE_LOOP_ANALYSIS = YES;
				CLANG_WARN_STRICT_PROTOTYPES = YES;
				CLANG_WARN_SUSPICIOUS_MOVE = YES;
				CLANG_WARN_UNGUARDED_AVAILABILITY = YES_AGGRESSIVE;
				CLANG_WARN_UNREACHABLE_CODE = YES;
				CLANG_WARN__DUPLICATE_METHOD_MATCH = YES;
				CODE_SIGN_IDENTITY = "iPhone Developer";
				COPY_PHASE_STRIP = NO;
				DEBUG_INFORMATION_FORMAT = "dwarf-with-dsym";
				ENABLE_NS_ASSERTIONS = NO;
				ENABLE_STRICT_OBJC_MSGSEND = YES;
				GCC_C_LANGUAGE_STANDARD = gnu11;
				GCC_NO_COMMON_BLOCKS = YES;
				GCC_WARN_64_TO_32_BIT_CONVERSION = YES;
				GCC_WARN_ABOUT_RETURN_TYPE = YES_ERROR;
				GCC_WARN_UNDECLARED_SELECTOR = YES;
				GCC_WARN_UNINITIALIZED_AUTOS = YES_AGGRESSIVE;
				GCC_WARN_UNUSED_FUNCTION = YES;
				GCC_WARN_UNUSED_VARIABLE = YES;
				IPHONEOS_DEPLOYMENT_TARGET = 11.4;
				MTL_ENABLE_DEBUG_INFO = NO;
				SDKROOT = iphoneos;
				SWIFT_COMPILATION_MODE = wholemodule;
				SWIFT_OPTIMIZATION_LEVEL = "-O";
				VALIDATE_PRODUCT = YES;
			};
			name = Release;
		};
		FB2116A620DC7F9A0067ED9F /* Debug */ = {
			isa = XCBuildConfiguration;
			buildSettings = {
				ASSETCATALOG_COMPILER_APPICON_NAME = AppIcon;
				CODE_SIGN_STYLE = Automatic;
				DEVELOPMENT_TEAM = 45VBTWJ842;
				INFOPLIST_FILE = NoteBoard/Info.plist;
				LD_RUNPATH_SEARCH_PATHS = (
					"$(inherited)",
					"@executable_path/Frameworks",
				);
				PRODUCT_BUNDLE_IDENTIFIER = MarcelloMirsal.NoteBoard;
				PRODUCT_NAME = "$(TARGET_NAME)";
				SWIFT_VERSION = 4.0;
				TARGETED_DEVICE_FAMILY = 1;
			};
			name = Debug;
		};
		FB2116A720DC7F9A0067ED9F /* Release */ = {
			isa = XCBuildConfiguration;
			buildSettings = {
				ASSETCATALOG_COMPILER_APPICON_NAME = AppIcon;
				CODE_SIGN_STYLE = Automatic;
				DEVELOPMENT_TEAM = 45VBTWJ842;
				INFOPLIST_FILE = NoteBoard/Info.plist;
				LD_RUNPATH_SEARCH_PATHS = (
					"$(inherited)",
					"@executable_path/Frameworks",
				);
				PRODUCT_BUNDLE_IDENTIFIER = MarcelloMirsal.NoteBoard;
				PRODUCT_NAME = "$(TARGET_NAME)";
				SWIFT_VERSION = 4.0;
				TARGETED_DEVICE_FAMILY = 1;
			};
			name = Release;
		};
		FB2116BB20DC828E0067ED9F /* Debug */ = {
			isa = XCBuildConfiguration;
			buildSettings = {
				BUNDLE_LOADER = "$(TEST_HOST)";
				CODE_SIGN_STYLE = Automatic;
				DEVELOPMENT_TEAM = 45VBTWJ842;
				INFOPLIST_FILE = NoteBoardTests/Info.plist;
				LD_RUNPATH_SEARCH_PATHS = (
					"$(inherited)",
					"@executable_path/Frameworks",
					"@loader_path/Frameworks",
				);
				PRODUCT_BUNDLE_IDENTIFIER = MarcelloMirsal.NoteBoardTests;
				PRODUCT_NAME = "$(TARGET_NAME)";
				SWIFT_VERSION = 4.0;
				TARGETED_DEVICE_FAMILY = "1,2";
				TEST_HOST = "$(BUILT_PRODUCTS_DIR)/NoteBoard.app/NoteBoard";
			};
			name = Debug;
		};
		FB2116BC20DC828E0067ED9F /* Release */ = {
			isa = XCBuildConfiguration;
			buildSettings = {
				BUNDLE_LOADER = "$(TEST_HOST)";
				CODE_SIGN_STYLE = Automatic;
				DEVELOPMENT_TEAM = 45VBTWJ842;
				INFOPLIST_FILE = NoteBoardTests/Info.plist;
				LD_RUNPATH_SEARCH_PATHS = (
					"$(inherited)",
					"@executable_path/Frameworks",
					"@loader_path/Frameworks",
				);
				PRODUCT_BUNDLE_IDENTIFIER = MarcelloMirsal.NoteBoardTests;
				PRODUCT_NAME = "$(TARGET_NAME)";
				SWIFT_VERSION = 4.0;
				TARGETED_DEVICE_FAMILY = "1,2";
				TEST_HOST = "$(BUILT_PRODUCTS_DIR)/NoteBoard.app/NoteBoard";
			};
			name = Release;
		};
/* End XCBuildConfiguration section */

/* Begin XCConfigurationList section */
		FB21168E20DC7F990067ED9F /* Build configuration list for PBXProject "NoteBoard" */ = {
			isa = XCConfigurationList;
			buildConfigurations = (
				FB2116A320DC7F9A0067ED9F /* Debug */,
				FB2116A420DC7F9A0067ED9F /* Release */,
			);
			defaultConfigurationIsVisible = 0;
			defaultConfigurationName = Release;
		};
		FB2116A520DC7F9A0067ED9F /* Build configuration list for PBXNativeTarget "NoteBoard" */ = {
			isa = XCConfigurationList;
			buildConfigurations = (
				FB2116A620DC7F9A0067ED9F /* Debug */,
				FB2116A720DC7F9A0067ED9F /* Release */,
			);
			defaultConfigurationIsVisible = 0;
			defaultConfigurationName = Release;
		};
		FB2116BA20DC828E0067ED9F /* Build configuration list for PBXNativeTarget "NoteBoardTests" */ = {
			isa = XCConfigurationList;
			buildConfigurations = (
				FB2116BB20DC828E0067ED9F /* Debug */,
				FB2116BC20DC828E0067ED9F /* Release */,
			);
			defaultConfigurationIsVisible = 0;
			defaultConfigurationName = Release;
		};
/* End XCConfigurationList section */
	};
	rootObject = FB21168B20DC7F990067ED9F /* Project object */;
}
